
Microsoft Visual Studio Solution File, Format Version 12.00
# Visual Studio Version 16
VisualStudioVersion = 16.0.31005.135
MinimumVisualStudioVersion = 10.0.40219.1
Project("{FAE04EC0-301F-11D3-BF4B-00C04F79EFBC}") = "ClassRoom", "ClassRoom\ClassRoom.csproj", "{56D6C600-9F67-4F35-BD36-715638C4A5D1}"
EndProject
Project("{FAE04EC0-301F-11D3-BF4B-00C04F79EFBC}") = "ClassRoomTests", "ClassRoomTests\ClassRoomTests.csproj", "{6A93D2DA-7241-479C-BBFC-5E9AAE975729}"
EndProject
Global
	GlobalSection(SolutionConfigurationPlatforms) = preSolution
		Debug|Any CPU = Debug|Any CPU
		Release|Any CPU = Release|Any CPU
	EndGlobalSection
	GlobalSection(ProjectConfigurationPlatforms) = postSolution
		{56D6C600-9F67-4F35-BD36-715638C4A5D1}.Debug|Any CPU.ActiveCfg = Debug|Any CPU
		{56D6C600-9F67-4F35-BD36-715638C4A5D1}.Debug|Any CPU.Build.0 = Debug|Any CPU
		{56D6C600-9F67-4F35-BD36-715638C4A5D1}.Release|Any CPU.ActiveCfg = Release|Any CPU
		{56D6C600-9F67-4F35-BD36-715638C4A5D1}.Release|Any CPU.Build.0 = Release|Any CPU
		{6A93D2DA-7241-479C-BBFC-5E9AAE975729}.Debug|Any CPU.ActiveCfg = Debug|Any CPU
		{6A93D2DA-7241-479C-BBFC-5E9AAE975729}.Debug|Any CPU.Build.0 = Debug|Any CPU
		{6A93D2DA-7241-479C-BBFC-5E9AAE975729}.Release|Any CPU.ActiveCfg = Release|Any CPU
		{6A93D2DA-7241-479C-BBFC-5E9AAE975729}.Release|Any CPU.Build.0 = Release|Any CPU
	EndGlobalSection
	GlobalSection(SolutionProperties) = preSolution
		HideSolutionNode = FALSE
	EndGlobalSection
	GlobalSection(ExtensibilityGlobals) = postSolution
		SolutionGuid = {9C333684-412D-48FF-8986-B1B02C4D5EC4}
	EndGlobalSection
EndGlobal
